
Microsoft Visual Studio Solution File, Format Version 12.00
# Visual Studio Version 16
VisualStudioVersion = 16.0.30804.86
MinimumVisualStudioVersion = 10.0.40219.1
Project("{FAE04EC0-301F-11D3-BF4B-00C04F79EFBC}") = "TeamProgram", "TeamProgram\TeamProgram.csproj", "{99A0BA53-B9D2-45B1-9E73-6614D55A13BE}"
EndProject
Global
	GlobalSection(SolutionConfigurationPlatforms) = preSolution
		Debug|Any CPU = Debug|Any CPU
		Release|Any CPU = Release|Any CPU
	EndGlobalSection
	GlobalSection(ProjectConfigurationPlatforms) = postSolution
		{99A0BA53-B9D2-45B1-9E73-6614D55A13BE}.Debug|Any CPU.ActiveCfg = Debug|Any CPU
		{99A0BA53-B9D2-45B1-9E73-6614D55A13BE}.Debug|Any CPU.Build.0 = Debug|Any CPU
		{99A0BA53-B9D2-45B1-9E73-6614D55A13BE}.Release|Any CPU.ActiveCfg = Release|Any CPU
		{99A0BA53-B9D2-45B1-9E73-6614D55A13BE}.Release|Any CPU.Build.0 = Release|Any CPU
	EndGlobalSection
	GlobalSection(SolutionProperties) = preSolution
		HideSolutionNode = FALSE
	EndGlobalSection
	GlobalSection(ExtensibilityGlobals) = postSolution
		SolutionGuid = {9C85E32E-AE82-4484-9A6D-AB355EE74D08}
	EndGlobalSection
EndGlobal
